
Microsoft Visual Studio Solution File, Format Version 11.00
# Visual Studio 2010
Project("{FAE04EC0-301F-11D3-BF4B-00C04F79EFBC}") = "Game_Sample", "Assembly-CSharp-firstpass.csproj", "{637E2014-7C3C-0310-15B0-6E3B999CB176}"
EndProject
Project("{FAE04EC0-301F-11D3-BF4B-00C04F79EFBC}") = "Game_Sample", "Assembly-CSharp.csproj", "{1F506EEC-D66C-07EE-6652-4308309D7DDE}"
EndProject
Project("{FAE04EC0-301F-11D3-BF4B-00C04F79EFBC}") = "Game_Sample", "Assembly-CSharp-Editor-firstpass.csproj", "{9F1BF13D-15E0-D1EF-A808-2305447B8DFB}"
EndProject
Project("{FAE04EC0-301F-11D3-BF4B-00C04F79EFBC}") = "Game_Sample", "Assembly-CSharp-Editor.csproj", "{79D8EB4A-4415-488A-120C-5D06EF2C5B6A}"
EndProject
Global
	GlobalSection(SolutionConfigurationPlatforms) = preSolution
		Debug|Any CPU = Debug|Any CPU
		Release|Any CPU = Release|Any CPU
	EndGlobalSection
	GlobalSection(ProjectConfigurationPlatforms) = postSolution
		{637E2014-7C3C-0310-15B0-6E3B999CB176}.Debug|Any CPU.ActiveCfg = Debug|Any CPU
		{637E2014-7C3C-0310-15B0-6E3B999CB176}.Debug|Any CPU.Build.0 = Debug|Any CPU
		{637E2014-7C3C-0310-15B0-6E3B999CB176}.Release|Any CPU.ActiveCfg = Release|Any CPU
		{637E2014-7C3C-0310-15B0-6E3B999CB176}.Release|Any CPU.Build.0 = Release|Any CPU
		{1F506EEC-D66C-07EE-6652-4308309D7DDE}.Debug|Any CPU.ActiveCfg = Debug|Any CPU
		{1F506EEC-D66C-07EE-6652-4308309D7DDE}.Debug|Any CPU.Build.0 = Debug|Any CPU
		{1F506EEC-D66C-07EE-6652-4308309D7DDE}.Release|Any CPU.ActiveCfg = Release|Any CPU
		{1F506EEC-D66C-07EE-6652-4308309D7DDE}.Release|Any CPU.Build.0 = Release|Any CPU
		{9F1BF13D-15E0-D1EF-A808-2305447B8DFB}.Debug|Any CPU.ActiveCfg = Debug|Any CPU
		{9F1BF13D-15E0-D1EF-A808-2305447B8DFB}.Debug|Any CPU.Build.0 = Debug|Any CPU
		{9F1BF13D-15E0-D1EF-A808-2305447B8DFB}.Release|Any CPU.ActiveCfg = Release|Any CPU
		{9F1BF13D-15E0-D1EF-A808-2305447B8DFB}.Release|Any CPU.Build.0 = Release|Any CPU
		{79D8EB4A-4415-488A-120C-5D06EF2C5B6A}.Debug|Any CPU.ActiveCfg = Debug|Any CPU
		{79D8EB4A-4415-488A-120C-5D06EF2C5B6A}.Debug|Any CPU.Build.0 = Debug|Any CPU
		{79D8EB4A-4415-488A-120C-5D06EF2C5B6A}.Release|Any CPU.ActiveCfg = Release|Any CPU
		{79D8EB4A-4415-488A-120C-5D06EF2C5B6A}.Release|Any CPU.Build.0 = Release|Any CPU
	EndGlobalSection
	GlobalSection(SolutionProperties) = preSolution
		HideSolutionNode = FALSE
	EndGlobalSection
	GlobalSection(MonoDevelopProperties) = preSolution
		StartupItem = Assembly-CSharp.csproj
	EndGlobalSection
EndGlobal
